
Microsoft Visual Studio Solution File, Format Version 12.00
# Visual Studio Version 17
VisualStudioVersion = 17.11.35219.272
MinimumVisualStudioVersion = 10.0.40219.1
Project("{FAE04EC0-301F-11D3-BF4B-00C04F79EFBC}") = "Tringle", "Tringle.csproj", "{4CD25C16-00F1-445B-A797-B8F02F1A3B49}"
EndProject
Project("{2150E333-8FDC-42A3-9474-1A3956D46DE8}") = "Solution Items", "Solution Items", "{EC50A7C5-3984-4771-B10A-99C0E2A8B6F9}"
	ProjectSection(SolutionItems) = preProject
		Class1.cs = Class1.cs
	EndProjectSection
EndProject
Global
	GlobalSection(SolutionConfigurationPlatforms) = preSolution
		Debug|Any CPU = Debug|Any CPU
		Release|Any CPU = Release|Any CPU
	EndGlobalSection
	GlobalSection(ProjectConfigurationPlatforms) = postSolution
		{4CD25C16-00F1-445B-A797-B8F02F1A3B49}.Debug|Any CPU.ActiveCfg = Debug|Any CPU
		{4CD25C16-00F1-445B-A797-B8F02F1A3B49}.Debug|Any CPU.Build.0 = Debug|Any CPU
		{4CD25C16-00F1-445B-A797-B8F02F1A3B49}.Release|Any CPU.ActiveCfg = Release|Any CPU
		{4CD25C16-00F1-445B-A797-B8F02F1A3B49}.Release|Any CPU.Build.0 = Release|Any CPU
	EndGlobalSection
	GlobalSection(SolutionProperties) = preSolution
		HideSolutionNode = FALSE
	EndGlobalSection
	GlobalSection(ExtensibilityGlobals) = postSolution
		SolutionGuid = {53524591-BD59-4BED-A8EA-0747D2A81F7E}
	EndGlobalSection
EndGlobal
